
Microsoft Visual Studio Solution File, Format Version 11.00
# Visual C# Express 2010
Project("{FAE04EC0-301F-11D3-BF4B-00C04F79EFBC}") = "Server", "Server\Server.csproj", "{C5AF0DC3-51C5-4ECC-9067-1E1021BFF14E}"
EndProject
Project("{FAE04EC0-301F-11D3-BF4B-00C04F79EFBC}") = "Client", "..\Client\Client.csproj", "{CAA08E8F-BC09-4253-B547-C2B8E0565990}"
EndProject
Global
	GlobalSection(SolutionConfigurationPlatforms) = preSolution
		Debug|x86 = Debug|x86
		Release|x86 = Release|x86
	EndGlobalSection
	GlobalSection(ProjectConfigurationPlatforms) = postSolution
		{C5AF0DC3-51C5-4ECC-9067-1E1021BFF14E}.Debug|x86.ActiveCfg = Debug|x86
		{C5AF0DC3-51C5-4ECC-9067-1E1021BFF14E}.Debug|x86.Build.0 = Debug|x86
		{C5AF0DC3-51C5-4ECC-9067-1E1021BFF14E}.Release|x86.ActiveCfg = Release|x86
		{C5AF0DC3-51C5-4ECC-9067-1E1021BFF14E}.Release|x86.Build.0 = Release|x86
		{CAA08E8F-BC09-4253-B547-C2B8E0565990}.Debug|x86.ActiveCfg = Debug|x86
		{CAA08E8F-BC09-4253-B547-C2B8E0565990}.Debug|x86.Build.0 = Debug|x86
		{CAA08E8F-BC09-4253-B547-C2B8E0565990}.Release|x86.ActiveCfg = Release|x86
		{CAA08E8F-BC09-4253-B547-C2B8E0565990}.Release|x86.Build.0 = Release|x86
	EndGlobalSection
	GlobalSection(SolutionProperties) = preSolution
		HideSolutionNode = FALSE
	EndGlobalSection
EndGlobal
